
Microsoft Visual Studio Solution File, Format Version 12.00
# Visual Studio Version 17
VisualStudioVersion = 17.9.34728.123
MinimumVisualStudioVersion = 10.0.40219.1
Project("{2150E333-8FDC-42A3-9474-1A3956D46DE8}") = "LeadsHub", "LeadsHub", "{CC0CF798-D270-4CCC-907F-BA7403A9987C}"
EndProject
Project("{2150E333-8FDC-42A3-9474-1A3956D46DE8}") = "Shared", "Shared", "{AB0DB6D0-A05E-4561-8BEE-DE246BBC9B6C}"
EndProject
Project("{9A19103F-16F7-4668-BE54-9A1E7A4F7556}") = "AdaptiveKitCore", "Shared\AdaptiveKitCore\AdaptiveKitCore.csproj", "{F75F2248-D3F2-44B3-BA3C-FE3EE339A5BC}"
EndProject
Project("{2150E333-8FDC-42A3-9474-1A3956D46DE8}") = "Integrations", "Integrations", "{77BC0658-DB3C-44C1-88B2-D2FE36E2A45F}"
EndProject
Project("{2150E333-8FDC-42A3-9474-1A3956D46DE8}") = "Whatsapp", "Whatsapp", "{152FD5C3-92AA-4951-B1E2-81712F39B66B}"
EndProject
Project("{2150E333-8FDC-42A3-9474-1A3956D46DE8}") = "MercadoLivre", "MercadoLivre", "{924F14D8-23CC-40D8-8F33-AF2BC1537C5E}"
EndProject
Project("{9A19103F-16F7-4668-BE54-9A1E7A4F7556}") = "Whatsapp.Api", "Integrations\Whatsapp\Whatsapp.Api\Whatsapp.Api.csproj", "{D5DE433C-33A8-448C-A3FE-2D97B5565A61}"
EndProject
Project("{9A19103F-16F7-4668-BE54-9A1E7A4F7556}") = "whatsapp.Core", "Integrations\Whatsapp\whatsapp.Core\whatsapp.Core.csproj", "{48B4E3B4-AAC0-4C42-85D0-71B5BA9D387F}"
EndProject
Project("{9A19103F-16F7-4668-BE54-9A1E7A4F7556}") = "Whatsapp.Repository", "Integrations\Whatsapp\Whatsapp.Repository\Whatsapp.Repository.csproj", "{5CEED696-AE11-4A82-A2CF-5CDCEADE53FB}"
EndProject
Project("{9A19103F-16F7-4668-BE54-9A1E7A4F7556}") = "MeracadoLivre.Api", "Integrations\MercadoLivre\MeracadoLivre.Api\MeracadoLivre.Api.csproj", "{87B18E60-2EA2-42F9-AA43-62556D0F7E41}"
EndProject
Project("{9A19103F-16F7-4668-BE54-9A1E7A4F7556}") = "MercadoLivre.Core", "Integrations\MercadoLivre\MercadoLivre.Core\MercadoLivre.Core.csproj", "{8FA3670C-9150-4389-9C6D-871C84C356DB}"
EndProject
Project("{9A19103F-16F7-4668-BE54-9A1E7A4F7556}") = "MercadoLivre.Data", "Integrations\MercadoLivre\MercadoLivre.Data\MercadoLivre.Data.csproj", "{2A4097A0-70E0-45A7-A5D1-F85E308764DE}"
EndProject
Project("{9A19103F-16F7-4668-BE54-9A1E7A4F7556}") = "InteractiveLead.Core", "LeadsHub\InteractiveLead.Core\InteractiveLead.Core.csproj", "{D0FA75F6-820E-405A-B32C-D8447754F649}"
EndProject
Project("{9A19103F-16F7-4668-BE54-9A1E7A4F7556}") = "InteractiveLead.Data", "LeadsHub\InteractiveLead.Data\InteractiveLead.Data.csproj", "{524F7795-528B-44A5-AD13-4DFB5FB5A9C6}"
EndProject
Project("{9A19103F-16F7-4668-BE54-9A1E7A4F7556}") = "InteractiveLead.App", "LeadsHub\InteractiveLead.App\InteractiveLead.App.csproj", "{CAD84620-545D-40A4-89BF-26679A760906}"
EndProject
Project("{9A19103F-16F7-4668-BE54-9A1E7A4F7556}") = "CrossCutting", "CrossCutting\CrossCutting.csproj", "{684D1AFE-0884-4DF5-8008-52B5D2467C38}"
EndProject
Project("{E53339B2-1760-4266-BCC7-CA923CBCF16C}") = "docker-compose", "docker-compose.dcproj", "{BCE51C9A-C365-4255-A67C-2968587CC2B8}"
EndProject
Global
	GlobalSection(SolutionConfigurationPlatforms) = preSolution
		Debug|Any CPU = Debug|Any CPU
		Release|Any CPU = Release|Any CPU
	EndGlobalSection
	GlobalSection(ProjectConfigurationPlatforms) = postSolution
		{F75F2248-D3F2-44B3-BA3C-FE3EE339A5BC}.Debug|Any CPU.ActiveCfg = Debug|Any CPU
		{F75F2248-D3F2-44B3-BA3C-FE3EE339A5BC}.Debug|Any CPU.Build.0 = Debug|Any CPU
		{F75F2248-D3F2-44B3-BA3C-FE3EE339A5BC}.Release|Any CPU.ActiveCfg = Release|Any CPU
		{F75F2248-D3F2-44B3-BA3C-FE3EE339A5BC}.Release|Any CPU.Build.0 = Release|Any CPU
		{D5DE433C-33A8-448C-A3FE-2D97B5565A61}.Debug|Any CPU.ActiveCfg = Debug|Any CPU
		{D5DE433C-33A8-448C-A3FE-2D97B5565A61}.Debug|Any CPU.Build.0 = Debug|Any CPU
		{D5DE433C-33A8-448C-A3FE-2D97B5565A61}.Release|Any CPU.ActiveCfg = Release|Any CPU
		{D5DE433C-33A8-448C-A3FE-2D97B5565A61}.Release|Any CPU.Build.0 = Release|Any CPU
		{48B4E3B4-AAC0-4C42-85D0-71B5BA9D387F}.Debug|Any CPU.ActiveCfg = Debug|Any CPU
		{48B4E3B4-AAC0-4C42-85D0-71B5BA9D387F}.Debug|Any CPU.Build.0 = Debug|Any CPU
		{48B4E3B4-AAC0-4C42-85D0-71B5BA9D387F}.Release|Any CPU.ActiveCfg = Release|Any CPU
		{48B4E3B4-AAC0-4C42-85D0-71B5BA9D387F}.Release|Any CPU.Build.0 = Release|Any CPU
		{5CEED696-AE11-4A82-A2CF-5CDCEADE53FB}.Debug|Any CPU.ActiveCfg = Debug|Any CPU
		{5CEED696-AE11-4A82-A2CF-5CDCEADE53FB}.Debug|Any CPU.Build.0 = Debug|Any CPU
		{5CEED696-AE11-4A82-A2CF-5CDCEADE53FB}.Release|Any CPU.ActiveCfg = Release|Any CPU
		{5CEED696-AE11-4A82-A2CF-5CDCEADE53FB}.Release|Any CPU.Build.0 = Release|Any CPU
		{87B18E60-2EA2-42F9-AA43-62556D0F7E41}.Debug|Any CPU.ActiveCfg = Debug|Any CPU
		{87B18E60-2EA2-42F9-AA43-62556D0F7E41}.Debug|Any CPU.Build.0 = Debug|Any CPU
		{87B18E60-2EA2-42F9-AA43-62556D0F7E41}.Release|Any CPU.ActiveCfg = Release|Any CPU
		{87B18E60-2EA2-42F9-AA43-62556D0F7E41}.Release|Any CPU.Build.0 = Release|Any CPU
		{8FA3670C-9150-4389-9C6D-871C84C356DB}.Debug|Any CPU.ActiveCfg = Debug|Any CPU
		{8FA3670C-9150-4389-9C6D-871C84C356DB}.Debug|Any CPU.Build.0 = Debug|Any CPU
		{8FA3670C-9150-4389-9C6D-871C84C356DB}.Release|Any CPU.ActiveCfg = Release|Any CPU
		{8FA3670C-9150-4389-9C6D-871C84C356DB}.Release|Any CPU.Build.0 = Release|Any CPU
		{2A4097A0-70E0-45A7-A5D1-F85E308764DE}.Debug|Any CPU.ActiveCfg = Debug|Any CPU
		{2A4097A0-70E0-45A7-A5D1-F85E308764DE}.Debug|Any CPU.Build.0 = Debug|Any CPU
		{2A4097A0-70E0-45A7-A5D1-F85E308764DE}.Release|Any CPU.ActiveCfg = Release|Any CPU
		{2A4097A0-70E0-45A7-A5D1-F85E308764DE}.Release|Any CPU.Build.0 = Release|Any CPU
		{D0FA75F6-820E-405A-B32C-D8447754F649}.Debug|Any CPU.ActiveCfg = Debug|Any CPU
		{D0FA75F6-820E-405A-B32C-D8447754F649}.Debug|Any CPU.Build.0 = Debug|Any CPU
		{D0FA75F6-820E-405A-B32C-D8447754F649}.Release|Any CPU.ActiveCfg = Release|Any CPU
		{D0FA75F6-820E-405A-B32C-D8447754F649}.Release|Any CPU.Build.0 = Release|Any CPU
		{524F7795-528B-44A5-AD13-4DFB5FB5A9C6}.Debug|Any CPU.ActiveCfg = Debug|Any CPU
		{524F7795-528B-44A5-AD13-4DFB5FB5A9C6}.Debug|Any CPU.Build.0 = Debug|Any CPU
		{524F7795-528B-44A5-AD13-4DFB5FB5A9C6}.Release|Any CPU.ActiveCfg = Release|Any CPU
		{524F7795-528B-44A5-AD13-4DFB5FB5A9C6}.Release|Any CPU.Build.0 = Release|Any CPU
		{CAD84620-545D-40A4-89BF-26679A760906}.Debug|Any CPU.ActiveCfg = Debug|Any CPU
		{CAD84620-545D-40A4-89BF-26679A760906}.Debug|Any CPU.Build.0 = Debug|Any CPU
		{CAD84620-545D-40A4-89BF-26679A760906}.Release|Any CPU.ActiveCfg = Release|Any CPU
		{CAD84620-545D-40A4-89BF-26679A760906}.Release|Any CPU.Build.0 = Release|Any CPU
		{684D1AFE-0884-4DF5-8008-52B5D2467C38}.Debug|Any CPU.ActiveCfg = Debug|Any CPU
		{684D1AFE-0884-4DF5-8008-52B5D2467C38}.Debug|Any CPU.Build.0 = Debug|Any CPU
		{684D1AFE-0884-4DF5-8008-52B5D2467C38}.Release|Any CPU.ActiveCfg = Release|Any CPU
		{684D1AFE-0884-4DF5-8008-52B5D2467C38}.Release|Any CPU.Build.0 = Release|Any CPU
		{BCE51C9A-C365-4255-A67C-2968587CC2B8}.Debug|Any CPU.ActiveCfg = Debug|Any CPU
		{BCE51C9A-C365-4255-A67C-2968587CC2B8}.Debug|Any CPU.Build.0 = Debug|Any CPU
		{BCE51C9A-C365-4255-A67C-2968587CC2B8}.Release|Any CPU.ActiveCfg = Release|Any CPU
		{BCE51C9A-C365-4255-A67C-2968587CC2B8}.Release|Any CPU.Build.0 = Release|Any CPU
	EndGlobalSection
	GlobalSection(SolutionProperties) = preSolution
		HideSolutionNode = FALSE
	EndGlobalSection
	GlobalSection(NestedProjects) = preSolution
		{F75F2248-D3F2-44B3-BA3C-FE3EE339A5BC} = {AB0DB6D0-A05E-4561-8BEE-DE246BBC9B6C}
		{152FD5C3-92AA-4951-B1E2-81712F39B66B} = {77BC0658-DB3C-44C1-88B2-D2FE36E2A45F}
		{924F14D8-23CC-40D8-8F33-AF2BC1537C5E} = {77BC0658-DB3C-44C1-88B2-D2FE36E2A45F}
		{D5DE433C-33A8-448C-A3FE-2D97B5565A61} = {152FD5C3-92AA-4951-B1E2-81712F39B66B}
		{48B4E3B4-AAC0-4C42-85D0-71B5BA9D387F} = {152FD5C3-92AA-4951-B1E2-81712F39B66B}
		{5CEED696-AE11-4A82-A2CF-5CDCEADE53FB} = {152FD5C3-92AA-4951-B1E2-81712F39B66B}
		{87B18E60-2EA2-42F9-AA43-62556D0F7E41} = {924F14D8-23CC-40D8-8F33-AF2BC1537C5E}
		{8FA3670C-9150-4389-9C6D-871C84C356DB} = {924F14D8-23CC-40D8-8F33-AF2BC1537C5E}
		{2A4097A0-70E0-45A7-A5D1-F85E308764DE} = {924F14D8-23CC-40D8-8F33-AF2BC1537C5E}
		{D0FA75F6-820E-405A-B32C-D8447754F649} = {CC0CF798-D270-4CCC-907F-BA7403A9987C}
		{524F7795-528B-44A5-AD13-4DFB5FB5A9C6} = {CC0CF798-D270-4CCC-907F-BA7403A9987C}
		{CAD84620-545D-40A4-89BF-26679A760906} = {CC0CF798-D270-4CCC-907F-BA7403A9987C}
		{684D1AFE-0884-4DF5-8008-52B5D2467C38} = {AB0DB6D0-A05E-4561-8BEE-DE246BBC9B6C}
	EndGlobalSection
	GlobalSection(ExtensibilityGlobals) = postSolution
		SolutionGuid = {93C0BB4E-E2BF-42A6-A8CB-57BA5AA51C97}
	EndGlobalSection
EndGlobal
